
Microsoft Visual Studio Solution File, Format Version 12.00
# Visual Studio 2012
Project("{FAE04EC0-301F-11D3-BF4B-00C04F79EFBC}") = "TBG_InventorySys", "TBG_InventorySys\TBG_InventorySys.csproj", "{AA59662A-E825-46DE-9896-85E436E6736F}"
EndProject
Global
	GlobalSection(SolutionConfigurationPlatforms) = preSolution
		Debug|x86 = Debug|x86
		Release|x86 = Release|x86
	EndGlobalSection
	GlobalSection(ProjectConfigurationPlatforms) = postSolution
		{AA59662A-E825-46DE-9896-85E436E6736F}.Debug|x86.ActiveCfg = Debug|x86
		{AA59662A-E825-46DE-9896-85E436E6736F}.Debug|x86.Build.0 = Debug|x86
		{AA59662A-E825-46DE-9896-85E436E6736F}.Release|x86.ActiveCfg = Release|x86
		{AA59662A-E825-46DE-9896-85E436E6736F}.Release|x86.Build.0 = Release|x86
	EndGlobalSection
EndGlobal
